{
  "name": "proj01",
  "version": "1.0.0",
  "lockfileVersion": 1,
  "requires": true,
  "dependencies": {
    "cpf-check": {
      "version": "3.0.0",
      "resolved": "https://registry.npmjs.org/cpf-check/-/cpf-check-3.0.0.tgz",
      "integrity": "sha512-IwUJdDJ57kheRXiO7govTBOcKsLK/AdDrVKfk6rYCCNDcOBUiY9zmUY0fWI4/S/oIpbhHWMcOD0O2DLawuwiBw=="
    }
  }
}
